// !$*UTF8*$!
{
	archiveVersion = 1;
	classes = {
	};
	objectVersion = 48;
	objects = {

/* Begin PBXBuildFile section */
		3C7484BB2062422A0076288A /* AppDelegate.swift in Sources */ = {isa = PBXBuildFile; fileRef = 3C7484BA2062422A0076288A /* AppDelegate.swift */; };
		3C7484BD2062422A0076288A /* ViewController.swift in Sources */ = {isa = PBXBuildFile; fileRef = 3C7484BC2062422A0076288A /* ViewController.swift */; };
		3C7484C02062422A0076288A /* Main.storyboard in Resources */ = {isa = PBXBuildFile; fileRef = 3C7484BE2062422A0076288A /* Main.storyboard */; };
		3C7484C22062422A0076288A /* Assets.xcassets in Resources */ = {isa = PBXBuildFile; fileRef = 3C7484C12062422A0076288A /* Assets.xcassets */; };
		3C7484C52062422A0076288A /* LaunchScreen.storyboard in Resources */ = {isa = PBXBuildFile; fileRef = 3C7484C32062422A0076288A /* LaunchScreen.storyboard */; };
		3C7484CE206242F10076288A /* CardBannerView.swift in Sources */ = {isa = PBXBuildFile; fileRef = 3C7484CD206242F10076288A /* CardBannerView.swift */; };
		3C7484D02062447C0076288A /* CardCell.swift in Sources */ = {isa = PBXBuildFile; fileRef = 3C7484CF2062447C0076288A /* CardCell.swift */; };
/* End PBXBuildFile section */

/* Begin PBXFileReference section */
		3C7484B72062422A0076288A /* CardBannerView.app */ = {isa = PBXFileReference; explicitFileType = wrapper.application; includeInIndex = 0; path = CardBannerView.app; sourceTree = BUILT_PRODUCTS_DIR; };
		3C7484BA2062422A0076288A /* AppDelegate.swift */ = {isa = PBXFileReference; lastKnownFileType = sourcecode.swift; path = AppDelegate.swift; sourceTree = "<group>"; };
		3C7484BC2062422A0076288A /* ViewController.swift */ = {isa = PBXFileReference; lastKnownFileType = sourcecode.swift; path = ViewController.swift; sourceTree = "<group>"; };
		3C7484BF2062422A0076288A /* Base */ = {isa = PBXFileReference; lastKnownFileType = file.storyboard; name = Base; path = Base.lproj/Main.storyboard; sourceTree = "<group>"; };
		3C7484C12062422A0076288A /* Assets.xcassets */ = {isa = PBXFileReference; lastKnownFileType = folder.assetcatalog; path = Assets.xcassets; sourceTree = "<group>"; };
		3C7484C42062422A0076288A /* Base */ = {isa = PBXFileReference; lastKnownFileType = file.storyboard; name = Base; path = Base.lproj/LaunchScreen.storyboard; sourceTree = "<group>"; };
		3C7484C62062422A0076288A /* Info.plist */ = {isa = PBXFileReference; lastKnownFileType = text.plist.xml; path = Info.plist; sourceTree = "<group>"; };
		3C7484CD206242F10076288A /* CardBannerView.swift */ = {isa = PBXFileReference; fileEncoding = 4; lastKnownFileType = sourcecode.swift; path = CardBannerView.swift; sourceTree = "<group>"; };
		3C7484CF2062447C0076288A /* CardCell.swift */ = {isa = PBXFileReference; lastKnownFileType = sourcecode.swift; path = CardCell.swift; sourceTree = "<group>"; };
/* End PBXFileReference section */

/* Begin PBXFrameworksBuildPhase section */
		3C7484B42062422A0076288A /* Frameworks */ = {
			isa = PBXFrameworksBuildPhase;
			buildActionMask = 2147483647;
			files = (
			);
			runOnlyForDeploymentPostprocessing = 0;
		};
/* End PBXFrameworksBuildPhase section */

/* Begin PBXGroup section */
		3C7484AE2062422A0076288A = {
			isa = PBXGroup;
			children = (
				3C7484CC206242A70076288A /* Example */,
				3C7484B92062422A0076288A /* CardBannerView */,
				3C7484B82062422A0076288A /* Products */,
			);
			sourceTree = "<group>";
		};
		3C7484B82062422A0076288A /* Products */ = {
			isa = PBXGroup;
			children = (
				3C7484B72062422A0076288A /* CardBannerView.app */,
			);
			name = Products;
			sourceTree = "<group>";
		};
		3C7484B92062422A0076288A /* CardBannerView */ = {
			isa = PBXGroup;
			children = (
				3C7484CD206242F10076288A /* CardBannerView.swift */,
			);
			path = CardBannerView;
			sourceTree = "<group>";
		};
		3C7484CC206242A70076288A /* Example */ = {
			isa = PBXGroup;
			children = (
				3C7484BA2062422A0076288A /* AppDelegate.swift */,
				3C7484BC2062422A0076288A /* ViewController.swift */,
				3C7484BE2062422A0076288A /* Main.storyboard */,
				3C7484C12062422A0076288A /* Assets.xcassets */,
				3C7484C32062422A0076288A /* LaunchScreen.storyboard */,
				3C7484C62062422A0076288A /* Info.plist */,
				3C7484CF2062447C0076288A /* CardCell.swift */,
			);
			path = Example;
			sourceTree = "<group>";
		};
/* End PBXGroup section */

/* Begin PBXNativeTarget section */
		3C7484B62062422A0076288A /* CardBannerView */ = {
			isa = PBXNativeTarget;
			buildConfigurationList = 3C7484C92062422A0076288A /* Build configuration list for PBXNativeTarget "CardBannerView" */;
			buildPhases = (
				3C7484B32062422A0076288A /* Sources */,
				3C7484B42062422A0076288A /* Frameworks */,
				3C7484B52062422A0076288A /* Resources */,
			);
			buildRules = (
			);
			dependencies = (
			);
			name = CardBannerView;
			productName = CardBannerView;
			productReference = 3C7484B72062422A0076288A /* CardBannerView.app */;
			productType = "com.apple.product-type.application";
		};
/* End PBXNativeTarget section */

/* Begin PBXProject section */
		3C7484AF2062422A0076288A /* Project object */ = {
			isa = PBXProject;
			attributes = {
				LastSwiftUpdateCheck = 0920;
				LastUpgradeCheck = 0920;
				ORGANIZATIONNAME = "廖轩";
				TargetAttributes = {
					3C7484B62062422A0076288A = {
						CreatedOnToolsVersion = 9.2;
						ProvisioningStyle = Automatic;
					};
				};
			};
			buildConfigurationList = 3C7484B22062422A0076288A /* Build configuration list for PBXProject "CardBannerView" */;
			compatibilityVersion = "Xcode 8.0";
			developmentRegion = en;
			hasScannedForEncodings = 0;
			knownRegions = (
				en,
				Base,
			);
			mainGroup = 3C7484AE2062422A0076288A;
			productRefGroup = 3C7484B82062422A0076288A /* Products */;
			projectDirPath = "";
			projectRoot = "";
			targets = (
				3C7484B62062422A0076288A /* CardBannerView */,
			);
		};
/* End PBXProject section */

/* Begin PBXResourcesBuildPhase section */
		3C7484B52062422A0076288A /* Resources */ = {
			isa = PBXResourcesBuildPhase;
			buildActionMask = 2147483647;
			files = (
				3C7484C52062422A0076288A /* LaunchScreen.storyboard in Resources */,
				3C7484C22062422A0076288A /* Assets.xcassets in Resources */,
				3C7484C02062422A0076288A /* Main.storyboard in Resources */,
			);
			runOnlyForDeploymentPostprocessing = 0;
		};
/* End PBXResourcesBuildPhase section */

/* Begin PBXSourcesBuildPhase section */
		3C7484B32062422A0076288A /* Sources */ = {
			isa = PBXSourcesBuildPhase;
			buildActionMask = 2147483647;
			files = (
				3C7484CE206242F10076288A /* CardBannerView.swift in Sources */,
				3C7484BD2062422A0076288A /* ViewController.swift in Sources */,
				3C7484BB2062422A0076288A /* AppDelegate.swift in Sources */,
				3C7484D02062447C0076288A /* CardCell.swift in Sources */,
			);
			runOnlyForDeploymentPostprocessing = 0;
		};
/* End PBXSourcesBuildPhase section */

/* Begin PBXVariantGroup section */
		3C7484BE2062422A0076288A /* Main.storyboard */ = {
			isa = PBXVariantGroup;
			children = (
				3C7484BF2062422A0076288A /* Base */,
			);
			name = Main.storyboard;
			sourceTree = "<group>";
		};
		3C7484C32062422A0076288A /* LaunchScreen.storyboard */ = {
			isa = PBXVariantGroup;
			children = (
				3C7484C42062422A0076288A /* Base */,
			);
			name = LaunchScreen.storyboard;
			sourceTree = "<group>";
		};
/* End PBXVariantGroup section */

/* Begin XCBuildConfiguration section */
		3C7484C72062422A0076288A /* Debug */ = {
			isa = XCBuildConfiguration;
			buildSettings = {
				ALWAYS_SEARCH_USER_PATHS = NO;
				CLANG_ANALYZER_NONNULL = YES;
				CLANG_ANALYZER_NUMBER_OBJECT_CONVERSION = YES_AGGRESSIVE;
				CLANG_CXX_LANGUAGE_STANDARD = "gnu++14";
				CLANG_CXX_LIBRARY = "libc++";
				CLANG_ENABLE_MODULES = YES;
				CLANG_ENABLE_OBJC_ARC = YES;
				CLANG_WARN_BLOCK_CAPTURE_AUTORELEASING = YES;
				CLANG_WARN_BOOL_CONVERSION = YES;
				CLANG_WARN_COMMA = YES;
				CLANG_WARN_CONSTANT_CONVERSION = YES;
				CLANG_WARN_DIRECT_OBJC_ISA_USAGE = YES_ERROR;
				CLANG_WARN_DOCUMENTATION_COMMENTS = YES;
				CLANG_WARN_EMPTY_BODY = YES;
				CLANG_WARN_ENUM_CONVERSION = YES;
				CLANG_WARN_INFINITE_RECURSION = YES;
				CLANG_WARN_INT_CONVERSION = YES;
				CLANG_WARN_NON_LITERAL_NULL_CONVERSION = YES;
				CLANG_WARN_OBJC_LITERAL_CONVERSION = YES;
				CLANG_WARN_OBJC_ROOT_CLASS = YES_ERROR;
				CLANG_WARN_RANGE_LOOP_ANALYSIS = YES;
				CLANG_WARN_STRICT_PROTOTYPES = YES;
				CLANG_WARN_SUSPICIOUS_MOVE = YES;
				CLANG_WARN_UNGUARDED_AVAILABILITY = YES_AGGRESSIVE;
				CLANG_WARN_UNREACHABLE_CODE = YES;
				CLANG_WARN__DUPLICATE_METHOD_MATCH = YES;
				CODE_SIGN_IDENTITY = "iPhone Developer";
				COPY_PHASE_STRIP = NO;
				DEBUG_INFORMATION_FORMAT = dwarf;
				ENABLE_STRICT_OBJC_MSGSEND = YES;
				ENABLE_TESTABILITY = YES;
				GCC_C_LANGUAGE_STANDARD = gnu11;
				GCC_DYNAMIC_NO_PIC = NO;
				GCC_NO_COMMON_BLOCKS = YES;
				GCC_OPTIMIZATION_LEVEL = 0;
				GCC_PREPROCESSOR_DEFINITIONS = (
					"DEBUG=1",
					"$(inherited)",
				);
				GCC_WARN_64_TO_32_BIT_CONVERSION = YES;
				GCC_WARN_ABOUT_RETURN_TYPE = YES_ERROR;
				GCC_WARN_UNDECLARED_SELECTOR = YES;
				GCC_WARN_UNINITIALIZED_AUTOS = YES_AGGRESSIVE;
				GCC_WARN_UNUSED_FUNCTION = YES;
				GCC_WARN_UNUSED_VARIABLE = YES;
				IPHONEOS_DEPLOYMENT_TARGET = 11.2;
				MTL_ENABLE_DEBUG_INFO = YES;
				ONLY_ACTIVE_ARCH = YES;
				SDKROOT = iphoneos;
				SWIFT_ACTIVE_COMPILATION_CONDITIONS = DEBUG;
				SWIFT_OPTIMIZATION_LEVEL = "-Onone";
			};
			name = Debug;
		};
		3C7484C82062422A0076288A /* Release */ = {
			isa = XCBuildConfiguration;
			buildSettings = {
				ALWAYS_SEARCH_USER_PATHS = NO;
				CLANG_ANALYZER_NONNULL = YES;
				CLANG_ANALYZER_NUMBER_OBJECT_CONVERSION = YES_AGGRESSIVE;
				CLANG_CXX_LANGUAGE_STANDARD = "gnu++14";
				CLANG_CXX_LIBRARY = "libc++";
				CLANG_ENABLE_MODULES = YES;
				CLANG_ENABLE_OBJC_ARC = YES;
				CLANG_WARN_BLOCK_CAPTURE_AUTORELEASING = YES;
				CLANG_WARN_BOOL_CONVERSION = YES;
				CLANG_WARN_COMMA = YES;
				CLANG_WARN_CONSTANT_CONVERSION = YES;
				CLANG_WARN_DIRECT_OBJC_ISA_USAGE = YES_ERROR;
				CLANG_WARN_DOCUMENTATION_COMMENTS = YES;
				CLANG_WARN_EMPTY_BODY = YES;
				CLANG_WARN_ENUM_CONVERSION = YES;
				CLANG_WARN_INFINITE_RECURSION = YES;
				CLANG_WARN_INT_CONVERSION = YES;
				CLANG_WARN_NON_LITERAL_NULL_CONVERSION = YES;
				CLANG_WARN_OBJC_LITERAL_CONVERSION = YES;
				CLANG_WARN_OBJC_ROOT_CLASS = YES_ERROR;
				CLANG_WARN_RANGE_LOOP_ANALYSIS = YES;
				CLANG_WARN_STRICT_PROTOTYPES = YES;
				CLANG_WARN_SUSPICIOUS_MOVE = YES;
				CLANG_WARN_UNGUARDED_AVAILABILITY = YES_AGGRESSIVE;
				CLANG_WARN_UNREACHABLE_CODE = YES;
				CLANG_WARN__DUPLICATE_METHOD_MATCH = YES;
				CODE_SIGN_IDENTITY = "iPhone Developer";
				COPY_PHASE_STRIP = NO;
				DEBUG_INFORMATION_FORMAT = "dwarf-with-dsym";
				ENABLE_NS_ASSERTIONS = NO;
				ENABLE_STRICT_OBJC_MSGSEND = YES;
				GCC_C_LANGUAGE_STANDARD = gnu11;
				GCC_NO_COMMON_BLOCKS = YES;
				GCC_WARN_64_TO_32_BIT_CONVERSION = YES;
				GCC_WARN_ABOUT_RETURN_TYPE = YES_ERROR;
				GCC_WARN_UNDECLARED_SELECTOR = YES;
				GCC_WARN_UNINITIALIZED_AUTOS = YES_AGGRESSIVE;
				GCC_WARN_UNUSED_FUNCTION = YES;
				GCC_WARN_UNUSED_VARIABLE = YES;
				IPHONEOS_DEPLOYMENT_TARGET = 11.2;
				MTL_ENABLE_DEBUG_INFO = NO;
				SDKROOT = iphoneos;
				SWIFT_OPTIMIZATION_LEVEL = "-Owholemodule";
				VALIDATE_PRODUCT = YES;
			};
			name = Release;
		};
		3C7484CA2062422A0076288A /* Debug */ = {
			isa = XCBuildConfiguration;
			buildSettings = {
				ASSETCATALOG_COMPILER_APPICON_NAME = AppIcon;
				CODE_SIGN_STYLE = Automatic;
				DEVELOPMENT_TEAM = GJ3B6RNJ2C;
				INFOPLIST_FILE = "$(SRCROOT)/Example/Info.plist";
				LD_RUNPATH_SEARCH_PATHS = "$(inherited) @executable_path/Frameworks";
				PRODUCT_BUNDLE_IDENTIFIER = com.lx.CardBannerView;
				PRODUCT_NAME = "$(TARGET_NAME)";
				SWIFT_VERSION = 4.0;
				TARGETED_DEVICE_FAMILY = "1,2";
			};
			name = Debug;
		};
		3C7484CB2062422A0076288A /* Release */ = {
			isa = XCBuildConfiguration;
			buildSettings = {
				ASSETCATALOG_COMPILER_APPICON_NAME = AppIcon;
				CODE_SIGN_STYLE = Automatic;
				DEVELOPMENT_TEAM = GJ3B6RNJ2C;
				INFOPLIST_FILE = "$(SRCROOT)/Example/Info.plist";
				LD_RUNPATH_SEARCH_PATHS = "$(inherited) @executable_path/Frameworks";
				PRODUCT_BUNDLE_IDENTIFIER = com.lx.CardBannerView;
				PRODUCT_NAME = "$(TARGET_NAME)";
				SWIFT_VERSION = 4.0;
				TARGETED_DEVICE_FAMILY = "1,2";
			};
			name = Release;
		};
/* End XCBuildConfiguration section */

/* Begin XCConfigurationList section */
		3C7484B22062422A0076288A /* Build configuration list for PBXProject "CardBannerView" */ = {
			isa = XCConfigurationList;
			buildConfigurations = (
				3C7484C72062422A0076288A /* Debug */,
				3C7484C82062422A0076288A /* Release */,
			);
			defaultConfigurationIsVisible = 0;
			defaultConfigurationName = Release;
		};
		3C7484C92062422A0076288A /* Build configuration list for PBXNativeTarget "CardBannerView" */ = {
			isa = XCConfigurationList;
			buildConfigurations = (
				3C7484CA2062422A0076288A /* Debug */,
				3C7484CB2062422A0076288A /* Release */,
			);
			defaultConfigurationIsVisible = 0;
			defaultConfigurationName = Release;
		};
/* End XCConfigurationList section */
	};
	rootObject = 3C7484AF2062422A0076288A /* Project object */;
}
